
Microsoft Visual Studio Solution File, Format Version 12.00
# Visual Studio Version 17
VisualStudioVersion = 17.0.32014.148
MinimumVisualStudioVersion = 10.0.40219.1
Project("{FAE04EC0-301F-11D3-BF4B-00C04F79EFBC}") = "WpfApp5", "WpfApp5\WpfApp5.csproj", "{0F65B315-3EA9-4891-820F-C1EDC5A921EF}"
EndProject
Global
	GlobalSection(SolutionConfigurationPlatforms) = preSolution
		Debug|Any CPU = Debug|Any CPU
		Release|Any CPU = Release|Any CPU
	EndGlobalSection
	GlobalSection(ProjectConfigurationPlatforms) = postSolution
		{0F65B315-3EA9-4891-820F-C1EDC5A921EF}.Debug|Any CPU.ActiveCfg = Debug|Any CPU
		{0F65B315-3EA9-4891-820F-C1EDC5A921EF}.Debug|Any CPU.Build.0 = Debug|Any CPU
		{0F65B315-3EA9-4891-820F-C1EDC5A921EF}.Release|Any CPU.ActiveCfg = Release|Any CPU
		{0F65B315-3EA9-4891-820F-C1EDC5A921EF}.Release|Any CPU.Build.0 = Release|Any CPU
	EndGlobalSection
	GlobalSection(SolutionProperties) = preSolution
		HideSolutionNode = FALSE
	EndGlobalSection
	GlobalSection(ExtensibilityGlobals) = postSolution
		SolutionGuid = {969BAFB5-4443-487E-9447-8CDB0D8A41DE}
	EndGlobalSection
EndGlobal
